# THIS IS AN AUTOGENERATED FILE. DO NOT EDIT THIS FILE DIRECTLY.
# yarn lockfile v1


get-unicorn@^1.0.0:
  version "1.0.0"
  resolved "https://registry.yarnpkg.com/get-unicorn/-/get-unicorn-1.0.0.tgz#467b0cb5bd6162d61d8845a59a9a0801ebaa954d"
  integrity sha512-jOGHq1kUV1ymCbEdxTcSpsV7hjuXLNSbSalhlTl2jdhRKATvpg1Oy05kGUfklFuQL11nG/IxTb4oEYmjm85U0g==
